
Microsoft Visual Studio Solution File, Format Version 12.00
# Visual Studio Version 17
VisualStudioVersion = 17.1.32210.238
MinimumVisualStudioVersion = 10.0.40219.1
Project("{FAE04EC0-301F-11D3-BF4B-00C04F79EFBC}") = "DosyaSifreleme", "DosyaSifreleme\DosyaSifreleme.csproj", "{382BF070-4E85-471C-B03F-36390CFDE986}"
EndProject
Global
	GlobalSection(SolutionConfigurationPlatforms) = preSolution
		Debug|Any CPU = Debug|Any CPU
		Release|Any CPU = Release|Any CPU
	EndGlobalSection
	GlobalSection(ProjectConfigurationPlatforms) = postSolution
		{382BF070-4E85-471C-B03F-36390CFDE986}.Debug|Any CPU.ActiveCfg = Debug|Any CPU
		{382BF070-4E85-471C-B03F-36390CFDE986}.Debug|Any CPU.Build.0 = Debug|Any CPU
		{382BF070-4E85-471C-B03F-36390CFDE986}.Release|Any CPU.ActiveCfg = Release|Any CPU
		{382BF070-4E85-471C-B03F-36390CFDE986}.Release|Any CPU.Build.0 = Release|Any CPU
	EndGlobalSection
	GlobalSection(SolutionProperties) = preSolution
		HideSolutionNode = FALSE
	EndGlobalSection
	GlobalSection(ExtensibilityGlobals) = postSolution
		SolutionGuid = {8E1CB004-186C-42C4-B08C-1B63B8E82566}
	EndGlobalSection
EndGlobal
